<?xml version="1.0" encoding="utf-8"?>
<Project ToolsVersion="4.0" xmlns="http://schemas.microsoft.com/developer/msbuild/2003">
  <ItemGroup>
    <Filter Include="Source Files">
      <UniqueIdentifier>{4FC737F1-C7A5-4376-A066-2A32D752A2FF}</UniqueIdentifier>
      <Extensions>cpp;c;cc;cxx;def;odl;idl;hpj;bat;asm;asmx</Extensions>
    </Filter>
    <Filter Include="Source Files\Moo2">
      <UniqueIdentifier>{1aafffe5-16a3-4a9a-97fe-4686cfa9d54d}</UniqueIdentifier>
    </Filter>
  </ItemGroup>
  <ItemGroup>
    <ClCompile Include="Config.cpp">
      <Filter>Source Files</Filter>
    </ClCompile>
    <ClCompile Include="Log.cpp">
      <Filter>Source Files</Filter>
    </ClCompile>
    <ClCompile Include="moo2x.cpp">
      <Filter>Source Files</Filter>
    </ClCompile>
    <ClCompile Include="Patcher.cpp">
      <Filter>Source Files</Filter>
    </ClCompile>
    <ClCompile Include="stdafx.cpp">
      <Filter>Source Files</Filter>
    </ClCompile>
    <ClCompile Include="exit.cpp">
      <Filter>Source Files\Moo2</Filter>
    </ClCompile>
    <ClCompile Include="FunctionDef.cpp">
      <Filter>Source Files\Moo2</Filter>
    </ClCompile>
    <ClCompile Include="HACCESS.cpp">
      <Filter>Source Files\Moo2</Filter>
    </ClCompile>
    <ClCompile Include="Platform.cpp">
      <Filter>Source Files\Moo2</Filter>
    </ClCompile>
    <ClCompile Include="struct.cpp">
      <Filter>Source Files\Moo2</Filter>
    </ClCompile>
    <ClCompile Include="net.cpp">
      <Filter>Source Files\Moo2</Filter>
    </ClCompile>
  </ItemGroup>
  <ItemGroup>
    <ClInclude Include="Config.h">
      <Filter>Source Files</Filter>
    </ClInclude>
    <ClInclude Include="Log.h">
      <Filter>Source Files</Filter>
    </ClInclude>
    <ClInclude Include="Patcher.h">
      <Filter>Source Files</Filter>
    </ClInclude>
    <ClInclude Include="stdafx.h">
      <Filter>Source Files</Filter>
    </ClInclude>
    <ClInclude Include="Types.h">
      <Filter>Source Files</Filter>
    </ClInclude>
    <ClInclude Include="exit.h">
      <Filter>Source Files\Moo2</Filter>
    </ClInclude>
    <ClInclude Include="FunctionDef.h">
      <Filter>Source Files\Moo2</Filter>
    </ClInclude>
    <ClInclude Include="HACCESS.h">
      <Filter>Source Files\Moo2</Filter>
    </ClInclude>
    <ClInclude Include="MOX.h">
      <Filter>Source Files\Moo2</Filter>
    </ClInclude>
    <ClInclude Include="Platform.h">
      <Filter>Source Files\Moo2</Filter>
    </ClInclude>
    <ClInclude Include="Ship.h">
      <Filter>Source Files\Moo2</Filter>
    </ClInclude>
    <ClInclude Include="struct.h">
      <Filter>Source Files\Moo2</Filter>
    </ClInclude>
  </ItemGroup>
</Project>